
Microsoft Visual Studio Solution File, Format Version 12.00
# Visual Studio Version 16
VisualStudioVersion = 16.0.29728.190
MinimumVisualStudioVersion = 10.0.40219.1
Project("{FAE04EC0-301F-11D3-BF4B-00C04F79EFBC}") = "API", "API\API.csproj", "{31559BB9-B9F4-4D4D-8906-74683E1D7FBC}"
EndProject
Global
	GlobalSection(SolutionConfigurationPlatforms) = preSolution
		Debug|Any CPU = Debug|Any CPU
		Release|Any CPU = Release|Any CPU
	EndGlobalSection
	GlobalSection(ProjectConfigurationPlatforms) = postSolution
		{31559BB9-B9F4-4D4D-8906-74683E1D7FBC}.Debug|Any CPU.ActiveCfg = Debug|Any CPU
		{31559BB9-B9F4-4D4D-8906-74683E1D7FBC}.Debug|Any CPU.Build.0 = Debug|Any CPU
		{31559BB9-B9F4-4D4D-8906-74683E1D7FBC}.Release|Any CPU.ActiveCfg = Release|Any CPU
		{31559BB9-B9F4-4D4D-8906-74683E1D7FBC}.Release|Any CPU.Build.0 = Release|Any CPU
	EndGlobalSection
	GlobalSection(SolutionProperties) = preSolution
		HideSolutionNode = FALSE
	EndGlobalSection
	GlobalSection(ExtensibilityGlobals) = postSolution
		SolutionGuid = {0D37EA3E-5688-46EE-A8D6-45F34656FB2F}
	EndGlobalSection
EndGlobal
